
Microsoft Visual Studio Solution File, Format Version 12.00
# Visual Studio 2012
Project("{FAE04EC0-301F-11D3-BF4B-00C04F79EFBC}") = "Installer", "Installer\Installer.csproj", "{BE39FB5C-659B-4825-8854-012CDF41056E}"
EndProject
Global
	GlobalSection(SolutionConfigurationPlatforms) = preSolution
		Debug|Any CPU = Debug|Any CPU
		Release|Any CPU = Release|Any CPU
	EndGlobalSection
	GlobalSection(ProjectConfigurationPlatforms) = postSolution
		{BE39FB5C-659B-4825-8854-012CDF41056E}.Debug|Any CPU.ActiveCfg = Debug|Any CPU
		{BE39FB5C-659B-4825-8854-012CDF41056E}.Debug|Any CPU.Build.0 = Debug|Any CPU
		{BE39FB5C-659B-4825-8854-012CDF41056E}.Release|Any CPU.ActiveCfg = Release|Any CPU
		{BE39FB5C-659B-4825-8854-012CDF41056E}.Release|Any CPU.Build.0 = Release|Any CPU
	EndGlobalSection
	GlobalSection(SolutionProperties) = preSolution
		HideSolutionNode = FALSE
	EndGlobalSection
EndGlobal
